
Microsoft Visual Studio Solution File, Format Version 12.00
# Visual Studio 15
VisualStudioVersion = 15.0.27130.2010
MinimumVisualStudioVersion = 10.0.40219.1
Project("{FAE04EC0-301F-11D3-BF4B-00C04F79EFBC}") = "Cake.SmartAssembly", "Cake.SmartAssembly\Cake.SmartAssembly.csproj", "{D2D3152F-20F7-4632-BAFF-0D324AF36434}"
EndProject
Project("{FAE04EC0-301F-11D3-BF4B-00C04F79EFBC}") = "Cake.SmartAssembly.Tests", "Cake.SmartAssembly.Tests\Cake.SmartAssembly.Tests.csproj", "{5DC926AC-54A3-4EB3-8FB1-C5755BCEBB31}"
EndProject
Project("{2150E333-8FDC-42A3-9474-1A3956D46DE8}") = "Misc", "Misc", "{FB515043-00B8-469E-9F49-2C79CC90546B}"
	ProjectSection(SolutionItems) = preProject
		..\.appveyor.yml = ..\.appveyor.yml
		..\.gitignore = ..\.gitignore
		..\nuspec\nuget\Cake.SmartAssembly.nuspec = ..\nuspec\nuget\Cake.SmartAssembly.nuspec
		..\README.md = ..\README.md
		..\setup.cake = ..\setup.cake
	EndProjectSection
EndProject
Global
	GlobalSection(SolutionConfigurationPlatforms) = preSolution
		Debug|Any CPU = Debug|Any CPU
		Release|Any CPU = Release|Any CPU
	EndGlobalSection
	GlobalSection(ProjectConfigurationPlatforms) = postSolution
		{D2D3152F-20F7-4632-BAFF-0D324AF36434}.Debug|Any CPU.ActiveCfg = Debug|Any CPU
		{D2D3152F-20F7-4632-BAFF-0D324AF36434}.Debug|Any CPU.Build.0 = Debug|Any CPU
		{D2D3152F-20F7-4632-BAFF-0D324AF36434}.Release|Any CPU.ActiveCfg = Release|Any CPU
		{D2D3152F-20F7-4632-BAFF-0D324AF36434}.Release|Any CPU.Build.0 = Release|Any CPU
		{5DC926AC-54A3-4EB3-8FB1-C5755BCEBB31}.Debug|Any CPU.ActiveCfg = Debug|Any CPU
		{5DC926AC-54A3-4EB3-8FB1-C5755BCEBB31}.Debug|Any CPU.Build.0 = Debug|Any CPU
		{5DC926AC-54A3-4EB3-8FB1-C5755BCEBB31}.Release|Any CPU.ActiveCfg = Release|Any CPU
		{5DC926AC-54A3-4EB3-8FB1-C5755BCEBB31}.Release|Any CPU.Build.0 = Release|Any CPU
	EndGlobalSection
	GlobalSection(SolutionProperties) = preSolution
		HideSolutionNode = FALSE
	EndGlobalSection
	GlobalSection(ExtensibilityGlobals) = postSolution
		SolutionGuid = {92D64945-30B4-4936-931D-1462F13B448C}
	EndGlobalSection
EndGlobal
